
Microsoft Visual Studio Solution File, Format Version 12.00
# Visual Studio Version 17
VisualStudioVersion = 17.4.33213.308
MinimumVisualStudioVersion = 10.0.40219.1
Project("{FAE04EC0-301F-11D3-BF4B-00C04F79EFBC}") = "ArraysEFunções.ConsoleApp", "ArraysEFunções.ConsoleApp\ArraysEFunções.ConsoleApp.csproj", "{29ACB7E5-9314-4176-8835-90151510A57D}"
EndProject
Global
	GlobalSection(SolutionConfigurationPlatforms) = preSolution
		Debug|Any CPU = Debug|Any CPU
		Release|Any CPU = Release|Any CPU
	EndGlobalSection
	GlobalSection(ProjectConfigurationPlatforms) = postSolution
		{29ACB7E5-9314-4176-8835-90151510A57D}.Debug|Any CPU.ActiveCfg = Debug|Any CPU
		{29ACB7E5-9314-4176-8835-90151510A57D}.Debug|Any CPU.Build.0 = Debug|Any CPU
		{29ACB7E5-9314-4176-8835-90151510A57D}.Release|Any CPU.ActiveCfg = Release|Any CPU
		{29ACB7E5-9314-4176-8835-90151510A57D}.Release|Any CPU.Build.0 = Release|Any CPU
	EndGlobalSection
	GlobalSection(SolutionProperties) = preSolution
		HideSolutionNode = FALSE
	EndGlobalSection
	GlobalSection(ExtensibilityGlobals) = postSolution
		SolutionGuid = {D133254B-54D3-4BEC-AF7D-65A7F5197E5F}
	EndGlobalSection
EndGlobal
