
Microsoft Visual Studio Solution File, Format Version 12.00
# Visual Studio Version 17
VisualStudioVersion = 17.4.33213.308
MinimumVisualStudioVersion = 10.0.40219.1
Project("{FAE04EC0-301F-11D3-BF4B-00C04F79EFBC}") = "ListaExercícios.Exercício1", "ListaExercícios.Exercício1.csproj", "{B12084B6-2BC3-4688-8249-7C3A002B28EB}"
EndProject
Project("{2150E333-8FDC-42A3-9474-1A3956D46DE8}") = "Entrada, Processamento e Saída de Dados", "Entrada, Processamento e Saída de Dados", "{B9C438CA-5B8A-4BA0-B83A-DE89D2F5E02F}"
EndProject
Project("{FAE04EC0-301F-11D3-BF4B-00C04F79EFBC}") = "ListaExercícios.Exercício2", "..\ListaExercícios.Exercício2\ListaExercícios.Exercício2.csproj", "{F4473569-C860-459F-9C6F-06BA61B6137D}"
EndProject
Project("{FAE04EC0-301F-11D3-BF4B-00C04F79EFBC}") = "ListaExecícios.Exercício3", "..\ListaExecícios.Exercício3\ListaExecícios.Exercício3.csproj", "{99EFB53E-4862-4911-A238-3ACA31507FD0}"
EndProject
Project("{FAE04EC0-301F-11D3-BF4B-00C04F79EFBC}") = "ListaExercicios.Execício4", "..\ListaExercicios.Execício4\ListaExercicios.Execício4.csproj", "{5EEBF67B-F51A-4C5E-9889-10F485EEBE8A}"
EndProject
Project("{FAE04EC0-301F-11D3-BF4B-00C04F79EFBC}") = "ListaExercicios.Execício5", "..\ListaExercicios.Execício5\ListaExercicios.Execício5.csproj", "{DAE6B929-6CAA-4772-A221-40ED8C58B4AB}"
EndProject
Project("{9A19103F-16F7-4668-BE54-9A1E7A4F7556}") = "ListaExecícios.Exercício6e15", "..\ListaExecícios.Exercício6\ListaExecícios.Exercício6e15.csproj", "{5199B9D0-7CE2-43F4-8F3A-0D1018E723AF}"
EndProject
Project("{FAE04EC0-301F-11D3-BF4B-00C04F79EFBC}") = "ListaExecícios.Exercício7", "..\ListaExecícios.Exercício7\ListaExecícios.Exercício7.csproj", "{B506E6B6-BB16-41A3-8D11-9BB8B25806FF}"
EndProject
Project("{FAE04EC0-301F-11D3-BF4B-00C04F79EFBC}") = "ListaExecícios.Exercício8", "..\ListaExecícios.Exercício8\ListaExecícios.Exercício8.csproj", "{8953FFAF-CA49-4C8E-8ABC-F2B618402BEA}"
EndProject
Project("{FAE04EC0-301F-11D3-BF4B-00C04F79EFBC}") = "ListaExecícios.Exercício9", "..\ListaExecícios.Exercício9\ListaExecícios.Exercício9.csproj", "{1A950E00-C623-44E6-9A94-FBF088C97BCE}"
EndProject
Project("{FAE04EC0-301F-11D3-BF4B-00C04F79EFBC}") = "ListaExecícios.Exercício10", "..\ListaExecícios.Exercício10\ListaExecícios.Exercício10.csproj", "{8D5ED152-3668-45C5-B389-C2D046113908}"
EndProject
Project("{FAE04EC0-301F-11D3-BF4B-00C04F79EFBC}") = "ListaExecícios.Exercício11", "..\ListaExecícios.Exercício11\ListaExecícios.Exercício11.csproj", "{FCA9A9AC-6A09-4848-BD80-3B8D306BBB39}"
EndProject
Project("{FAE04EC0-301F-11D3-BF4B-00C04F79EFBC}") = "ListaExecícios.Exercício12", "..\ListaExecícios.Exercício12\ListaExecícios.Exercício12.csproj", "{1A8E76B4-11F1-444C-8C6A-3051480F0173}"
EndProject
Project("{FAE04EC0-301F-11D3-BF4B-00C04F79EFBC}") = "ListaExecícios.Exercício13", "..\ListaExecícios.Exercício13\ListaExecícios.Exercício13.csproj", "{0D32023F-8FE7-42DC-8AF6-C295499179C5}"
EndProject
Project("{FAE04EC0-301F-11D3-BF4B-00C04F79EFBC}") = "ListaExecícios.Exercício14", "..\ListaExecícios.Exercício14\ListaExecícios.Exercício14.csproj", "{625B7E84-F908-4C4C-BD09-D937EA611239}"
EndProject
Project("{FAE04EC0-301F-11D3-BF4B-00C04F79EFBC}") = "ListaExecícios.Exercício16", "..\ListaExecícios.Exercício16\ListaExecícios.Exercício16.csproj", "{67E9F5C2-9957-4208-825F-573274F73A37}"
EndProject
Project("{FAE04EC0-301F-11D3-BF4B-00C04F79EFBC}") = "ListaExecícios.Exercício17", "..\ListaExecícios.Exercício17\ListaExecícios.Exercício17.csproj", "{B7F9431D-1D50-457F-93C7-E003B1935648}"
EndProject
Project("{2150E333-8FDC-42A3-9474-1A3956D46DE8}") = "Estruturas de Decisão", "Estruturas de Decisão", "{E024FCBC-3E95-4D51-88D2-3A17C4DC8428}"
EndProject
Project("{FAE04EC0-301F-11D3-BF4B-00C04F79EFBC}") = "ListaExecícios.Exercício18", "..\ListaExecícios.Exercício18\ListaExecícios.Exercício18.csproj", "{E962C364-8088-4840-8E73-D1478BB90D94}"
EndProject
Project("{FAE04EC0-301F-11D3-BF4B-00C04F79EFBC}") = "ListaExecícios.Exercício19", "..\ListaExecícios.Exercício19\ListaExecícios.Exercício19.csproj", "{61C929C7-868D-43AB-BD67-4F46EE6982AA}"
EndProject
Project("{FAE04EC0-301F-11D3-BF4B-00C04F79EFBC}") = "ListaExecícios.Exercício20", "..\ListaExecícios.Exercício20\ListaExecícios.Exercício20.csproj", "{6DC33B44-14BE-45C4-9664-60E872BBB7E0}"
EndProject
Project("{FAE04EC0-301F-11D3-BF4B-00C04F79EFBC}") = "ListaExecícios.Exercício21", "..\ListaExecícios.Exercício21\ListaExecícios.Exercício21.csproj", "{8C1320C6-DDFF-4204-A7D3-583A0DF01FC9}"
EndProject
Project("{2150E333-8FDC-42A3-9474-1A3956D46DE8}") = "Estruturas de Repetição", "Estruturas de Repetição", "{2BE1DC7B-D623-466B-BFFD-145EE25C68B1}"
EndProject
Project("{FAE04EC0-301F-11D3-BF4B-00C04F79EFBC}") = "ListaExecícios.Exercício23", "..\ListaExecícios.Exercício23\ListaExecícios.Exercício23.csproj", "{01FBA95B-3D07-4852-ABFC-74AAA16EC824}"
EndProject
Project("{FAE04EC0-301F-11D3-BF4B-00C04F79EFBC}") = "ListaExecícios.Exercício24", "..\ListaExecícios.Exercício24\ListaExecícios.Exercício24.csproj", "{C12E3592-7EC1-4708-8742-2B117C2EC09F}"
EndProject
Project("{FAE04EC0-301F-11D3-BF4B-00C04F79EFBC}") = "ListaExecícios.Exercício25", "..\ListaExecícios.Exercício25\ListaExecícios.Exercício25.csproj", "{766F6FBC-2551-482B-96E6-C7F5DD9C043A}"
EndProject
Project("{FAE04EC0-301F-11D3-BF4B-00C04F79EFBC}") = "ListaExecícios.Exercício26", "..\ListaExecícios.Exercício26\ListaExecícios.Exercício26.csproj", "{E190CB25-6C3D-4FC1-B700-EE49497988BB}"
EndProject
Project("{FAE04EC0-301F-11D3-BF4B-00C04F79EFBC}") = "ListaExecícios.Exercício27", "..\ListaExecícios.Exercício27\ListaExecícios.Exercício27.csproj", "{3FA46689-F992-4863-B8C4-2AA5CC60723B}"
EndProject
Project("{FAE04EC0-301F-11D3-BF4B-00C04F79EFBC}") = "ListaExecícios.Exercício28", "..\ListaExecícios.Exercício28\ListaExecícios.Exercício28.csproj", "{5A515165-1632-4FF6-BD99-DB6F72AC9635}"
EndProject
Project("{FAE04EC0-301F-11D3-BF4B-00C04F79EFBC}") = "ListaExecícios.Exercício29", "..\ListaExecícios.Exercício29\ListaExecícios.Exercício29.csproj", "{18399089-9FD4-46DA-BAA9-161593870C63}"
EndProject
Global
	GlobalSection(SolutionConfigurationPlatforms) = preSolution
		Debug|Any CPU = Debug|Any CPU
		Release|Any CPU = Release|Any CPU
	EndGlobalSection
	GlobalSection(ProjectConfigurationPlatforms) = postSolution
		{B12084B6-2BC3-4688-8249-7C3A002B28EB}.Debug|Any CPU.ActiveCfg = Debug|Any CPU
		{B12084B6-2BC3-4688-8249-7C3A002B28EB}.Debug|Any CPU.Build.0 = Debug|Any CPU
		{B12084B6-2BC3-4688-8249-7C3A002B28EB}.Release|Any CPU.ActiveCfg = Release|Any CPU
		{B12084B6-2BC3-4688-8249-7C3A002B28EB}.Release|Any CPU.Build.0 = Release|Any CPU
		{F4473569-C860-459F-9C6F-06BA61B6137D}.Debug|Any CPU.ActiveCfg = Debug|Any CPU
		{F4473569-C860-459F-9C6F-06BA61B6137D}.Debug|Any CPU.Build.0 = Debug|Any CPU
		{F4473569-C860-459F-9C6F-06BA61B6137D}.Release|Any CPU.ActiveCfg = Release|Any CPU
		{F4473569-C860-459F-9C6F-06BA61B6137D}.Release|Any CPU.Build.0 = Release|Any CPU
		{99EFB53E-4862-4911-A238-3ACA31507FD0}.Debug|Any CPU.ActiveCfg = Debug|Any CPU
		{99EFB53E-4862-4911-A238-3ACA31507FD0}.Debug|Any CPU.Build.0 = Debug|Any CPU
		{99EFB53E-4862-4911-A238-3ACA31507FD0}.Release|Any CPU.ActiveCfg = Release|Any CPU
		{99EFB53E-4862-4911-A238-3ACA31507FD0}.Release|Any CPU.Build.0 = Release|Any CPU
		{5EEBF67B-F51A-4C5E-9889-10F485EEBE8A}.Debug|Any CPU.ActiveCfg = Debug|Any CPU
		{5EEBF67B-F51A-4C5E-9889-10F485EEBE8A}.Debug|Any CPU.Build.0 = Debug|Any CPU
		{5EEBF67B-F51A-4C5E-9889-10F485EEBE8A}.Release|Any CPU.ActiveCfg = Release|Any CPU
		{5EEBF67B-F51A-4C5E-9889-10F485EEBE8A}.Release|Any CPU.Build.0 = Release|Any CPU
		{DAE6B929-6CAA-4772-A221-40ED8C58B4AB}.Debug|Any CPU.ActiveCfg = Debug|Any CPU
		{DAE6B929-6CAA-4772-A221-40ED8C58B4AB}.Debug|Any CPU.Build.0 = Debug|Any CPU
		{DAE6B929-6CAA-4772-A221-40ED8C58B4AB}.Release|Any CPU.ActiveCfg = Release|Any CPU
		{DAE6B929-6CAA-4772-A221-40ED8C58B4AB}.Release|Any CPU.Build.0 = Release|Any CPU
		{5199B9D0-7CE2-43F4-8F3A-0D1018E723AF}.Debug|Any CPU.ActiveCfg = Debug|Any CPU
		{5199B9D0-7CE2-43F4-8F3A-0D1018E723AF}.Debug|Any CPU.Build.0 = Debug|Any CPU
		{5199B9D0-7CE2-43F4-8F3A-0D1018E723AF}.Release|Any CPU.ActiveCfg = Release|Any CPU
		{5199B9D0-7CE2-43F4-8F3A-0D1018E723AF}.Release|Any CPU.Build.0 = Release|Any CPU
		{B506E6B6-BB16-41A3-8D11-9BB8B25806FF}.Debug|Any CPU.ActiveCfg = Debug|Any CPU
		{B506E6B6-BB16-41A3-8D11-9BB8B25806FF}.Debug|Any CPU.Build.0 = Debug|Any CPU
		{B506E6B6-BB16-41A3-8D11-9BB8B25806FF}.Release|Any CPU.ActiveCfg = Release|Any CPU
		{B506E6B6-BB16-41A3-8D11-9BB8B25806FF}.Release|Any CPU.Build.0 = Release|Any CPU
		{8953FFAF-CA49-4C8E-8ABC-F2B618402BEA}.Debug|Any CPU.ActiveCfg = Debug|Any CPU
		{8953FFAF-CA49-4C8E-8ABC-F2B618402BEA}.Debug|Any CPU.Build.0 = Debug|Any CPU
		{8953FFAF-CA49-4C8E-8ABC-F2B618402BEA}.Release|Any CPU.ActiveCfg = Release|Any CPU
		{8953FFAF-CA49-4C8E-8ABC-F2B618402BEA}.Release|Any CPU.Build.0 = Release|Any CPU
		{1A950E00-C623-44E6-9A94-FBF088C97BCE}.Debug|Any CPU.ActiveCfg = Debug|Any CPU
		{1A950E00-C623-44E6-9A94-FBF088C97BCE}.Debug|Any CPU.Build.0 = Debug|Any CPU
		{1A950E00-C623-44E6-9A94-FBF088C97BCE}.Release|Any CPU.ActiveCfg = Release|Any CPU
		{1A950E00-C623-44E6-9A94-FBF088C97BCE}.Release|Any CPU.Build.0 = Release|Any CPU
		{8D5ED152-3668-45C5-B389-C2D046113908}.Debug|Any CPU.ActiveCfg = Debug|Any CPU
		{8D5ED152-3668-45C5-B389-C2D046113908}.Debug|Any CPU.Build.0 = Debug|Any CPU
		{8D5ED152-3668-45C5-B389-C2D046113908}.Release|Any CPU.ActiveCfg = Release|Any CPU
		{8D5ED152-3668-45C5-B389-C2D046113908}.Release|Any CPU.Build.0 = Release|Any CPU
		{FCA9A9AC-6A09-4848-BD80-3B8D306BBB39}.Debug|Any CPU.ActiveCfg = Debug|Any CPU
		{FCA9A9AC-6A09-4848-BD80-3B8D306BBB39}.Debug|Any CPU.Build.0 = Debug|Any CPU
		{FCA9A9AC-6A09-4848-BD80-3B8D306BBB39}.Release|Any CPU.ActiveCfg = Release|Any CPU
		{FCA9A9AC-6A09-4848-BD80-3B8D306BBB39}.Release|Any CPU.Build.0 = Release|Any CPU
		{1A8E76B4-11F1-444C-8C6A-3051480F0173}.Debug|Any CPU.ActiveCfg = Debug|Any CPU
		{1A8E76B4-11F1-444C-8C6A-3051480F0173}.Debug|Any CPU.Build.0 = Debug|Any CPU
		{1A8E76B4-11F1-444C-8C6A-3051480F0173}.Release|Any CPU.ActiveCfg = Release|Any CPU
		{1A8E76B4-11F1-444C-8C6A-3051480F0173}.Release|Any CPU.Build.0 = Release|Any CPU
		{0D32023F-8FE7-42DC-8AF6-C295499179C5}.Debug|Any CPU.ActiveCfg = Debug|Any CPU
		{0D32023F-8FE7-42DC-8AF6-C295499179C5}.Debug|Any CPU.Build.0 = Debug|Any CPU
		{0D32023F-8FE7-42DC-8AF6-C295499179C5}.Release|Any CPU.ActiveCfg = Release|Any CPU
		{0D32023F-8FE7-42DC-8AF6-C295499179C5}.Release|Any CPU.Build.0 = Release|Any CPU
		{625B7E84-F908-4C4C-BD09-D937EA611239}.Debug|Any CPU.ActiveCfg = Debug|Any CPU
		{625B7E84-F908-4C4C-BD09-D937EA611239}.Debug|Any CPU.Build.0 = Debug|Any CPU
		{625B7E84-F908-4C4C-BD09-D937EA611239}.Release|Any CPU.ActiveCfg = Release|Any CPU
		{625B7E84-F908-4C4C-BD09-D937EA611239}.Release|Any CPU.Build.0 = Release|Any CPU
		{67E9F5C2-9957-4208-825F-573274F73A37}.Debug|Any CPU.ActiveCfg = Debug|Any CPU
		{67E9F5C2-9957-4208-825F-573274F73A37}.Debug|Any CPU.Build.0 = Debug|Any CPU
		{67E9F5C2-9957-4208-825F-573274F73A37}.Release|Any CPU.ActiveCfg = Release|Any CPU
		{67E9F5C2-9957-4208-825F-573274F73A37}.Release|Any CPU.Build.0 = Release|Any CPU
		{B7F9431D-1D50-457F-93C7-E003B1935648}.Debug|Any CPU.ActiveCfg = Debug|Any CPU
		{B7F9431D-1D50-457F-93C7-E003B1935648}.Debug|Any CPU.Build.0 = Debug|Any CPU
		{B7F9431D-1D50-457F-93C7-E003B1935648}.Release|Any CPU.ActiveCfg = Release|Any CPU
		{B7F9431D-1D50-457F-93C7-E003B1935648}.Release|Any CPU.Build.0 = Release|Any CPU
		{E962C364-8088-4840-8E73-D1478BB90D94}.Debug|Any CPU.ActiveCfg = Debug|Any CPU
		{E962C364-8088-4840-8E73-D1478BB90D94}.Debug|Any CPU.Build.0 = Debug|Any CPU
		{E962C364-8088-4840-8E73-D1478BB90D94}.Release|Any CPU.ActiveCfg = Release|Any CPU
		{E962C364-8088-4840-8E73-D1478BB90D94}.Release|Any CPU.Build.0 = Release|Any CPU
		{61C929C7-868D-43AB-BD67-4F46EE6982AA}.Debug|Any CPU.ActiveCfg = Debug|Any CPU
		{61C929C7-868D-43AB-BD67-4F46EE6982AA}.Debug|Any CPU.Build.0 = Debug|Any CPU
		{61C929C7-868D-43AB-BD67-4F46EE6982AA}.Release|Any CPU.ActiveCfg = Release|Any CPU
		{61C929C7-868D-43AB-BD67-4F46EE6982AA}.Release|Any CPU.Build.0 = Release|Any CPU
		{6DC33B44-14BE-45C4-9664-60E872BBB7E0}.Debug|Any CPU.ActiveCfg = Debug|Any CPU
		{6DC33B44-14BE-45C4-9664-60E872BBB7E0}.Debug|Any CPU.Build.0 = Debug|Any CPU
		{6DC33B44-14BE-45C4-9664-60E872BBB7E0}.Release|Any CPU.ActiveCfg = Release|Any CPU
		{6DC33B44-14BE-45C4-9664-60E872BBB7E0}.Release|Any CPU.Build.0 = Release|Any CPU
		{8C1320C6-DDFF-4204-A7D3-583A0DF01FC9}.Debug|Any CPU.ActiveCfg = Debug|Any CPU
		{8C1320C6-DDFF-4204-A7D3-583A0DF01FC9}.Debug|Any CPU.Build.0 = Debug|Any CPU
		{8C1320C6-DDFF-4204-A7D3-583A0DF01FC9}.Release|Any CPU.ActiveCfg = Release|Any CPU
		{8C1320C6-DDFF-4204-A7D3-583A0DF01FC9}.Release|Any CPU.Build.0 = Release|Any CPU
		{01FBA95B-3D07-4852-ABFC-74AAA16EC824}.Debug|Any CPU.ActiveCfg = Debug|Any CPU
		{01FBA95B-3D07-4852-ABFC-74AAA16EC824}.Debug|Any CPU.Build.0 = Debug|Any CPU
		{01FBA95B-3D07-4852-ABFC-74AAA16EC824}.Release|Any CPU.ActiveCfg = Release|Any CPU
		{01FBA95B-3D07-4852-ABFC-74AAA16EC824}.Release|Any CPU.Build.0 = Release|Any CPU
		{C12E3592-7EC1-4708-8742-2B117C2EC09F}.Debug|Any CPU.ActiveCfg = Debug|Any CPU
		{C12E3592-7EC1-4708-8742-2B117C2EC09F}.Debug|Any CPU.Build.0 = Debug|Any CPU
		{C12E3592-7EC1-4708-8742-2B117C2EC09F}.Release|Any CPU.ActiveCfg = Release|Any CPU
		{C12E3592-7EC1-4708-8742-2B117C2EC09F}.Release|Any CPU.Build.0 = Release|Any CPU
		{766F6FBC-2551-482B-96E6-C7F5DD9C043A}.Debug|Any CPU.ActiveCfg = Debug|Any CPU
		{766F6FBC-2551-482B-96E6-C7F5DD9C043A}.Debug|Any CPU.Build.0 = Debug|Any CPU
		{766F6FBC-2551-482B-96E6-C7F5DD9C043A}.Release|Any CPU.ActiveCfg = Release|Any CPU
		{766F6FBC-2551-482B-96E6-C7F5DD9C043A}.Release|Any CPU.Build.0 = Release|Any CPU
		{E190CB25-6C3D-4FC1-B700-EE49497988BB}.Debug|Any CPU.ActiveCfg = Debug|Any CPU
		{E190CB25-6C3D-4FC1-B700-EE49497988BB}.Debug|Any CPU.Build.0 = Debug|Any CPU
		{E190CB25-6C3D-4FC1-B700-EE49497988BB}.Release|Any CPU.ActiveCfg = Release|Any CPU
		{E190CB25-6C3D-4FC1-B700-EE49497988BB}.Release|Any CPU.Build.0 = Release|Any CPU
		{3FA46689-F992-4863-B8C4-2AA5CC60723B}.Debug|Any CPU.ActiveCfg = Debug|Any CPU
		{3FA46689-F992-4863-B8C4-2AA5CC60723B}.Debug|Any CPU.Build.0 = Debug|Any CPU
		{3FA46689-F992-4863-B8C4-2AA5CC60723B}.Release|Any CPU.ActiveCfg = Release|Any CPU
		{3FA46689-F992-4863-B8C4-2AA5CC60723B}.Release|Any CPU.Build.0 = Release|Any CPU
		{5A515165-1632-4FF6-BD99-DB6F72AC9635}.Debug|Any CPU.ActiveCfg = Debug|Any CPU
		{5A515165-1632-4FF6-BD99-DB6F72AC9635}.Debug|Any CPU.Build.0 = Debug|Any CPU
		{5A515165-1632-4FF6-BD99-DB6F72AC9635}.Release|Any CPU.ActiveCfg = Release|Any CPU
		{5A515165-1632-4FF6-BD99-DB6F72AC9635}.Release|Any CPU.Build.0 = Release|Any CPU
		{18399089-9FD4-46DA-BAA9-161593870C63}.Debug|Any CPU.ActiveCfg = Debug|Any CPU
		{18399089-9FD4-46DA-BAA9-161593870C63}.Debug|Any CPU.Build.0 = Debug|Any CPU
		{18399089-9FD4-46DA-BAA9-161593870C63}.Release|Any CPU.ActiveCfg = Release|Any CPU
		{18399089-9FD4-46DA-BAA9-161593870C63}.Release|Any CPU.Build.0 = Release|Any CPU
	EndGlobalSection
	GlobalSection(SolutionProperties) = preSolution
		HideSolutionNode = FALSE
	EndGlobalSection
	GlobalSection(NestedProjects) = preSolution
		{B12084B6-2BC3-4688-8249-7C3A002B28EB} = {B9C438CA-5B8A-4BA0-B83A-DE89D2F5E02F}
		{F4473569-C860-459F-9C6F-06BA61B6137D} = {B9C438CA-5B8A-4BA0-B83A-DE89D2F5E02F}
		{99EFB53E-4862-4911-A238-3ACA31507FD0} = {B9C438CA-5B8A-4BA0-B83A-DE89D2F5E02F}
		{5EEBF67B-F51A-4C5E-9889-10F485EEBE8A} = {B9C438CA-5B8A-4BA0-B83A-DE89D2F5E02F}
		{DAE6B929-6CAA-4772-A221-40ED8C58B4AB} = {B9C438CA-5B8A-4BA0-B83A-DE89D2F5E02F}
		{5199B9D0-7CE2-43F4-8F3A-0D1018E723AF} = {B9C438CA-5B8A-4BA0-B83A-DE89D2F5E02F}
		{B506E6B6-BB16-41A3-8D11-9BB8B25806FF} = {B9C438CA-5B8A-4BA0-B83A-DE89D2F5E02F}
		{8953FFAF-CA49-4C8E-8ABC-F2B618402BEA} = {B9C438CA-5B8A-4BA0-B83A-DE89D2F5E02F}
		{1A950E00-C623-44E6-9A94-FBF088C97BCE} = {B9C438CA-5B8A-4BA0-B83A-DE89D2F5E02F}
		{8D5ED152-3668-45C5-B389-C2D046113908} = {B9C438CA-5B8A-4BA0-B83A-DE89D2F5E02F}
		{FCA9A9AC-6A09-4848-BD80-3B8D306BBB39} = {B9C438CA-5B8A-4BA0-B83A-DE89D2F5E02F}
		{1A8E76B4-11F1-444C-8C6A-3051480F0173} = {B9C438CA-5B8A-4BA0-B83A-DE89D2F5E02F}
		{0D32023F-8FE7-42DC-8AF6-C295499179C5} = {B9C438CA-5B8A-4BA0-B83A-DE89D2F5E02F}
		{625B7E84-F908-4C4C-BD09-D937EA611239} = {B9C438CA-5B8A-4BA0-B83A-DE89D2F5E02F}
		{67E9F5C2-9957-4208-825F-573274F73A37} = {B9C438CA-5B8A-4BA0-B83A-DE89D2F5E02F}
		{B7F9431D-1D50-457F-93C7-E003B1935648} = {E024FCBC-3E95-4D51-88D2-3A17C4DC8428}
		{E962C364-8088-4840-8E73-D1478BB90D94} = {E024FCBC-3E95-4D51-88D2-3A17C4DC8428}
		{61C929C7-868D-43AB-BD67-4F46EE6982AA} = {E024FCBC-3E95-4D51-88D2-3A17C4DC8428}
		{6DC33B44-14BE-45C4-9664-60E872BBB7E0} = {E024FCBC-3E95-4D51-88D2-3A17C4DC8428}
		{8C1320C6-DDFF-4204-A7D3-583A0DF01FC9} = {E024FCBC-3E95-4D51-88D2-3A17C4DC8428}
		{01FBA95B-3D07-4852-ABFC-74AAA16EC824} = {2BE1DC7B-D623-466B-BFFD-145EE25C68B1}
		{C12E3592-7EC1-4708-8742-2B117C2EC09F} = {2BE1DC7B-D623-466B-BFFD-145EE25C68B1}
		{766F6FBC-2551-482B-96E6-C7F5DD9C043A} = {2BE1DC7B-D623-466B-BFFD-145EE25C68B1}
		{E190CB25-6C3D-4FC1-B700-EE49497988BB} = {2BE1DC7B-D623-466B-BFFD-145EE25C68B1}
		{3FA46689-F992-4863-B8C4-2AA5CC60723B} = {2BE1DC7B-D623-466B-BFFD-145EE25C68B1}
		{5A515165-1632-4FF6-BD99-DB6F72AC9635} = {2BE1DC7B-D623-466B-BFFD-145EE25C68B1}
		{18399089-9FD4-46DA-BAA9-161593870C63} = {2BE1DC7B-D623-466B-BFFD-145EE25C68B1}
	EndGlobalSection
	GlobalSection(ExtensibilityGlobals) = postSolution
		SolutionGuid = {9B4F21D4-61DF-448A-8F2E-2595D9A07574}
	EndGlobalSection
EndGlobal
